
Microsoft Visual Studio Solution File, Format Version 12.00
# Visual Studio 2013
VisualStudioVersion = 12.0.30501.0
MinimumVisualStudioVersion = 10.0.40219.1
Project("{FAE04EC0-301F-11D3-BF4B-00C04F79EFBC}") = "Customization", "Customization\Customization\Customization.csproj", "{4CB19E19-F731-4E03-B1E1-43EF383F0025}"
EndProject
Project("{FAE04EC0-301F-11D3-BF4B-00C04F79EFBC}") = "Customization.iOS", "Customization\Customization.iOS\Customization.iOS.csproj", "{BA88C585-0010-41C9-A8E0-14A2B85A3F75}"
EndProject
Project("{FAE04EC0-301F-11D3-BF4B-00C04F79EFBC}") = "Customization.Android", "Customization\Customization.Android\Customization.Android.csproj", "{4D3937FF-8170-4C6A-A384-75353A850FCB}"
EndProject
Project("{FAE04EC0-301F-11D3-BF4B-00C04F79EFBC}") = "Customization.WinPhone", "Customization\Customization.WinPhone\Customization.WinPhone.csproj", "{8C87D7A5-1FFB-4A04-9B8F-DC4DA00B6055}"
EndProject
Global
	GlobalSection(SolutionConfigurationPlatforms) = preSolution
		Ad-Hoc|Any CPU = Ad-Hoc|Any CPU
		Ad-Hoc|ARM = Ad-Hoc|ARM
		Ad-Hoc|iPhone = Ad-Hoc|iPhone
		Ad-Hoc|iPhoneSimulator = Ad-Hoc|iPhoneSimulator
		Ad-Hoc|Mixed Platforms = Ad-Hoc|Mixed Platforms
		Ad-Hoc|x86 = Ad-Hoc|x86
		AppStore|Any CPU = AppStore|Any CPU
		AppStore|ARM = AppStore|ARM
		AppStore|iPhone = AppStore|iPhone
		AppStore|iPhoneSimulator = AppStore|iPhoneSimulator
		AppStore|Mixed Platforms = AppStore|Mixed Platforms
		AppStore|x86 = AppStore|x86
		Debug|Any CPU = Debug|Any CPU
		Debug|ARM = Debug|ARM
		Debug|iPhone = Debug|iPhone
		Debug|iPhoneSimulator = Debug|iPhoneSimulator
		Debug|Mixed Platforms = Debug|Mixed Platforms
		Debug|x86 = Debug|x86
		Release|Any CPU = Release|Any CPU
		Release|ARM = Release|ARM
		Release|iPhone = Release|iPhone
		Release|iPhoneSimulator = Release|iPhoneSimulator
		Release|Mixed Platforms = Release|Mixed Platforms
		Release|x86 = Release|x86
	EndGlobalSection
	GlobalSection(ProjectConfigurationPlatforms) = postSolution
		{4CB19E19-F731-4E03-B1E1-43EF383F0025}.Ad-Hoc|Any CPU.ActiveCfg = Release|Any CPU
		{4CB19E19-F731-4E03-B1E1-43EF383F0025}.Ad-Hoc|Any CPU.Build.0 = Release|Any CPU
		{4CB19E19-F731-4E03-B1E1-43EF383F0025}.Ad-Hoc|ARM.ActiveCfg = Release|Any CPU
		{4CB19E19-F731-4E03-B1E1-43EF383F0025}.Ad-Hoc|iPhone.ActiveCfg = Release|Any CPU
		{4CB19E19-F731-4E03-B1E1-43EF383F0025}.Ad-Hoc|iPhoneSimulator.ActiveCfg = Release|Any CPU
		{4CB19E19-F731-4E03-B1E1-43EF383F0025}.Ad-Hoc|Mixed Platforms.ActiveCfg = Release|Any CPU
		{4CB19E19-F731-4E03-B1E1-43EF383F0025}.Ad-Hoc|Mixed Platforms.Build.0 = Release|Any CPU
		{4CB19E19-F731-4E03-B1E1-43EF383F0025}.Ad-Hoc|x86.ActiveCfg = Release|Any CPU
		{4CB19E19-F731-4E03-B1E1-43EF383F0025}.AppStore|Any CPU.ActiveCfg = Release|Any CPU
		{4CB19E19-F731-4E03-B1E1-43EF383F0025}.AppStore|Any CPU.Build.0 = Release|Any CPU
		{4CB19E19-F731-4E03-B1E1-43EF383F0025}.AppStore|ARM.ActiveCfg = Release|Any CPU
		{4CB19E19-F731-4E03-B1E1-43EF383F0025}.AppStore|iPhone.ActiveCfg = Release|Any CPU
		{4CB19E19-F731-4E03-B1E1-43EF383F0025}.AppStore|iPhoneSimulator.ActiveCfg = Release|Any CPU
		{4CB19E19-F731-4E03-B1E1-43EF383F0025}.AppStore|Mixed Platforms.ActiveCfg = Release|Any CPU
		{4CB19E19-F731-4E03-B1E1-43EF383F0025}.AppStore|Mixed Platforms.Build.0 = Release|Any CPU
		{4CB19E19-F731-4E03-B1E1-43EF383F0025}.AppStore|x86.ActiveCfg = Release|Any CPU
		{4CB19E19-F731-4E03-B1E1-43EF383F0025}.Debug|Any CPU.ActiveCfg = Debug|Any CPU
		{4CB19E19-F731-4E03-B1E1-43EF383F0025}.Debug|Any CPU.Build.0 = Debug|Any CPU
		{4CB19E19-F731-4E03-B1E1-43EF383F0025}.Debug|ARM.ActiveCfg = Debug|Any CPU
		{4CB19E19-F731-4E03-B1E1-43EF383F0025}.Debug|iPhone.ActiveCfg = Debug|Any CPU
		{4CB19E19-F731-4E03-B1E1-43EF383F0025}.Debug|iPhoneSimulator.ActiveCfg = Debug|Any CPU
		{4CB19E19-F731-4E03-B1E1-43EF383F0025}.Debug|Mixed Platforms.ActiveCfg = Debug|Any CPU
		{4CB19E19-F731-4E03-B1E1-43EF383F0025}.Debug|Mixed Platforms.Build.0 = Debug|Any CPU
		{4CB19E19-F731-4E03-B1E1-43EF383F0025}.Debug|x86.ActiveCfg = Debug|Any CPU
		{4CB19E19-F731-4E03-B1E1-43EF383F0025}.Release|Any CPU.ActiveCfg = Release|Any CPU
		{4CB19E19-F731-4E03-B1E1-43EF383F0025}.Release|Any CPU.Build.0 = Release|Any CPU
		{4CB19E19-F731-4E03-B1E1-43EF383F0025}.Release|ARM.ActiveCfg = Release|Any CPU
		{4CB19E19-F731-4E03-B1E1-43EF383F0025}.Release|iPhone.ActiveCfg = Release|Any CPU
		{4CB19E19-F731-4E03-B1E1-43EF383F0025}.Release|iPhoneSimulator.ActiveCfg = Release|Any CPU
		{4CB19E19-F731-4E03-B1E1-43EF383F0025}.Release|Mixed Platforms.ActiveCfg = Release|Any CPU
		{4CB19E19-F731-4E03-B1E1-43EF383F0025}.Release|Mixed Platforms.Build.0 = Release|Any CPU
		{4CB19E19-F731-4E03-B1E1-43EF383F0025}.Release|x86.ActiveCfg = Release|Any CPU
		{BA88C585-0010-41C9-A8E0-14A2B85A3F75}.Ad-Hoc|Any CPU.ActiveCfg = Ad-Hoc|iPhone
		{BA88C585-0010-41C9-A8E0-14A2B85A3F75}.Ad-Hoc|ARM.ActiveCfg = Ad-Hoc|iPhone
		{BA88C585-0010-41C9-A8E0-14A2B85A3F75}.Ad-Hoc|iPhone.ActiveCfg = Ad-Hoc|iPhone
		{BA88C585-0010-41C9-A8E0-14A2B85A3F75}.Ad-Hoc|iPhone.Build.0 = Ad-Hoc|iPhone
		{BA88C585-0010-41C9-A8E0-14A2B85A3F75}.Ad-Hoc|iPhone.Deploy.0 = Ad-Hoc|iPhone
		{BA88C585-0010-41C9-A8E0-14A2B85A3F75}.Ad-Hoc|iPhoneSimulator.ActiveCfg = Ad-Hoc|iPhoneSimulator
		{BA88C585-0010-41C9-A8E0-14A2B85A3F75}.Ad-Hoc|iPhoneSimulator.Build.0 = Ad-Hoc|iPhoneSimulator
		{BA88C585-0010-41C9-A8E0-14A2B85A3F75}.Ad-Hoc|iPhoneSimulator.Deploy.0 = Ad-Hoc|iPhoneSimulator
		{BA88C585-0010-41C9-A8E0-14A2B85A3F75}.Ad-Hoc|Mixed Platforms.ActiveCfg = Ad-Hoc|iPhone
		{BA88C585-0010-41C9-A8E0-14A2B85A3F75}.Ad-Hoc|Mixed Platforms.Build.0 = Ad-Hoc|iPhone
		{BA88C585-0010-41C9-A8E0-14A2B85A3F75}.Ad-Hoc|Mixed Platforms.Deploy.0 = Ad-Hoc|iPhone
		{BA88C585-0010-41C9-A8E0-14A2B85A3F75}.Ad-Hoc|x86.ActiveCfg = Ad-Hoc|iPhone
		{BA88C585-0010-41C9-A8E0-14A2B85A3F75}.AppStore|Any CPU.ActiveCfg = AppStore|iPhone
		{BA88C585-0010-41C9-A8E0-14A2B85A3F75}.AppStore|ARM.ActiveCfg = AppStore|iPhone
		{BA88C585-0010-41C9-A8E0-14A2B85A3F75}.AppStore|iPhone.ActiveCfg = AppStore|iPhone
		{BA88C585-0010-41C9-A8E0-14A2B85A3F75}.AppStore|iPhone.Build.0 = AppStore|iPhone
		{BA88C585-0010-41C9-A8E0-14A2B85A3F75}.AppStore|iPhone.Deploy.0 = AppStore|iPhone
		{BA88C585-0010-41C9-A8E0-14A2B85A3F75}.AppStore|iPhoneSimulator.ActiveCfg = AppStore|iPhoneSimulator
		{BA88C585-0010-41C9-A8E0-14A2B85A3F75}.AppStore|iPhoneSimulator.Build.0 = AppStore|iPhoneSimulator
		{BA88C585-0010-41C9-A8E0-14A2B85A3F75}.AppStore|iPhoneSimulator.Deploy.0 = AppStore|iPhoneSimulator
		{BA88C585-0010-41C9-A8E0-14A2B85A3F75}.AppStore|Mixed Platforms.ActiveCfg = AppStore|iPhone
		{BA88C585-0010-41C9-A8E0-14A2B85A3F75}.AppStore|Mixed Platforms.Build.0 = AppStore|iPhone
		{BA88C585-0010-41C9-A8E0-14A2B85A3F75}.AppStore|Mixed Platforms.Deploy.0 = AppStore|iPhone
		{BA88C585-0010-41C9-A8E0-14A2B85A3F75}.AppStore|x86.ActiveCfg = AppStore|iPhone
		{BA88C585-0010-41C9-A8E0-14A2B85A3F75}.Debug|Any CPU.ActiveCfg = Debug|iPhone
		{BA88C585-0010-41C9-A8E0-14A2B85A3F75}.Debug|ARM.ActiveCfg = Debug|iPhone
		{BA88C585-0010-41C9-A8E0-14A2B85A3F75}.Debug|iPhone.ActiveCfg = Debug|iPhone
		{BA88C585-0010-41C9-A8E0-14A2B85A3F75}.Debug|iPhone.Build.0 = Debug|iPhone
		{BA88C585-0010-41C9-A8E0-14A2B85A3F75}.Debug|iPhone.Deploy.0 = Debug|iPhone
		{BA88C585-0010-41C9-A8E0-14A2B85A3F75}.Debug|iPhoneSimulator.ActiveCfg = Debug|iPhoneSimulator
		{BA88C585-0010-41C9-A8E0-14A2B85A3F75}.Debug|iPhoneSimulator.Build.0 = Debug|iPhoneSimulator
		{BA88C585-0010-41C9-A8E0-14A2B85A3F75}.Debug|iPhoneSimulator.Deploy.0 = Debug|iPhoneSimulator
		{BA88C585-0010-41C9-A8E0-14A2B85A3F75}.Debug|Mixed Platforms.ActiveCfg = Debug|iPhone
		{BA88C585-0010-41C9-A8E0-14A2B85A3F75}.Debug|Mixed Platforms.Build.0 = Debug|iPhone
		{BA88C585-0010-41C9-A8E0-14A2B85A3F75}.Debug|Mixed Platforms.Deploy.0 = Debug|iPhone
		{BA88C585-0010-41C9-A8E0-14A2B85A3F75}.Debug|x86.ActiveCfg = Debug|iPhone
		{BA88C585-0010-41C9-A8E0-14A2B85A3F75}.Release|Any CPU.ActiveCfg = Release|iPhone
		{BA88C585-0010-41C9-A8E0-14A2B85A3F75}.Release|ARM.ActiveCfg = Release|iPhone
		{BA88C585-0010-41C9-A8E0-14A2B85A3F75}.Release|iPhone.ActiveCfg = Release|iPhone
		{BA88C585-0010-41C9-A8E0-14A2B85A3F75}.Release|iPhone.Build.0 = Release|iPhone
		{BA88C585-0010-41C9-A8E0-14A2B85A3F75}.Release|iPhone.Deploy.0 = Release|iPhone
		{BA88C585-0010-41C9-A8E0-14A2B85A3F75}.Release|iPhoneSimulator.ActiveCfg = Release|iPhoneSimulator
		{BA88C585-0010-41C9-A8E0-14A2B85A3F75}.Release|iPhoneSimulator.Build.0 = Release|iPhoneSimulator
		{BA88C585-0010-41C9-A8E0-14A2B85A3F75}.Release|iPhoneSimulator.Deploy.0 = Release|iPhoneSimulator
		{BA88C585-0010-41C9-A8E0-14A2B85A3F75}.Release|Mixed Platforms.ActiveCfg = Release|iPhone
		{BA88C585-0010-41C9-A8E0-14A2B85A3F75}.Release|Mixed Platforms.Build.0 = Release|iPhone
		{BA88C585-0010-41C9-A8E0-14A2B85A3F75}.Release|Mixed Platforms.Deploy.0 = Release|iPhone
		{BA88C585-0010-41C9-A8E0-14A2B85A3F75}.Release|x86.ActiveCfg = Release|iPhone
		{4D3937FF-8170-4C6A-A384-75353A850FCB}.Ad-Hoc|Any CPU.ActiveCfg = Release|Any CPU
		{4D3937FF-8170-4C6A-A384-75353A850FCB}.Ad-Hoc|Any CPU.Build.0 = Release|Any CPU
		{4D3937FF-8170-4C6A-A384-75353A850FCB}.Ad-Hoc|Any CPU.Deploy.0 = Release|Any CPU
		{4D3937FF-8170-4C6A-A384-75353A850FCB}.Ad-Hoc|ARM.ActiveCfg = Release|Any CPU
		{4D3937FF-8170-4C6A-A384-75353A850FCB}.Ad-Hoc|iPhone.ActiveCfg = Release|Any CPU
		{4D3937FF-8170-4C6A-A384-75353A850FCB}.Ad-Hoc|iPhoneSimulator.ActiveCfg = Release|Any CPU
		{4D3937FF-8170-4C6A-A384-75353A850FCB}.Ad-Hoc|Mixed Platforms.ActiveCfg = Release|Any CPU
		{4D3937FF-8170-4C6A-A384-75353A850FCB}.Ad-Hoc|Mixed Platforms.Build.0 = Release|Any CPU
		{4D3937FF-8170-4C6A-A384-75353A850FCB}.Ad-Hoc|Mixed Platforms.Deploy.0 = Release|Any CPU
		{4D3937FF-8170-4C6A-A384-75353A850FCB}.Ad-Hoc|x86.ActiveCfg = Release|Any CPU
		{4D3937FF-8170-4C6A-A384-75353A850FCB}.AppStore|Any CPU.ActiveCfg = Release|Any CPU
		{4D3937FF-8170-4C6A-A384-75353A850FCB}.AppStore|Any CPU.Build.0 = Release|Any CPU
		{4D3937FF-8170-4C6A-A384-75353A850FCB}.AppStore|Any CPU.Deploy.0 = Release|Any CPU
		{4D3937FF-8170-4C6A-A384-75353A850FCB}.AppStore|ARM.ActiveCfg = Release|Any CPU
		{4D3937FF-8170-4C6A-A384-75353A850FCB}.AppStore|iPhone.ActiveCfg = Release|Any CPU
		{4D3937FF-8170-4C6A-A384-75353A850FCB}.AppStore|iPhoneSimulator.ActiveCfg = Release|Any CPU
		{4D3937FF-8170-4C6A-A384-75353A850FCB}.AppStore|Mixed Platforms.ActiveCfg = Release|Any CPU
		{4D3937FF-8170-4C6A-A384-75353A850FCB}.AppStore|Mixed Platforms.Build.0 = Release|Any CPU
		{4D3937FF-8170-4C6A-A384-75353A850FCB}.AppStore|Mixed Platforms.Deploy.0 = Release|Any CPU
		{4D3937FF-8170-4C6A-A384-75353A850FCB}.AppStore|x86.ActiveCfg = Release|Any CPU
		{4D3937FF-8170-4C6A-A384-75353A850FCB}.Debug|Any CPU.ActiveCfg = Debug|Any CPU
		{4D3937FF-8170-4C6A-A384-75353A850FCB}.Debug|Any CPU.Build.0 = Debug|Any CPU
		{4D3937FF-8170-4C6A-A384-75353A850FCB}.Debug|Any CPU.Deploy.0 = Debug|Any CPU
		{4D3937FF-8170-4C6A-A384-75353A850FCB}.Debug|ARM.ActiveCfg = Debug|Any CPU
		{4D3937FF-8170-4C6A-A384-75353A850FCB}.Debug|iPhone.ActiveCfg = Debug|Any CPU
		{4D3937FF-8170-4C6A-A384-75353A850FCB}.Debug|iPhoneSimulator.ActiveCfg = Debug|Any CPU
		{4D3937FF-8170-4C6A-A384-75353A850FCB}.Debug|Mixed Platforms.ActiveCfg = Debug|Any CPU
		{4D3937FF-8170-4C6A-A384-75353A850FCB}.Debug|Mixed Platforms.Build.0 = Debug|Any CPU
		{4D3937FF-8170-4C6A-A384-75353A850FCB}.Debug|Mixed Platforms.Deploy.0 = Debug|Any CPU
		{4D3937FF-8170-4C6A-A384-75353A850FCB}.Debug|x86.ActiveCfg = Debug|Any CPU
		{4D3937FF-8170-4C6A-A384-75353A850FCB}.Release|Any CPU.ActiveCfg = Release|Any CPU
		{4D3937FF-8170-4C6A-A384-75353A850FCB}.Release|Any CPU.Build.0 = Release|Any CPU
		{4D3937FF-8170-4C6A-A384-75353A850FCB}.Release|Any CPU.Deploy.0 = Release|Any CPU
		{4D3937FF-8170-4C6A-A384-75353A850FCB}.Release|ARM.ActiveCfg = Release|Any CPU
		{4D3937FF-8170-4C6A-A384-75353A850FCB}.Release|iPhone.ActiveCfg = Release|Any CPU
		{4D3937FF-8170-4C6A-A384-75353A850FCB}.Release|iPhoneSimulator.ActiveCfg = Release|Any CPU
		{4D3937FF-8170-4C6A-A384-75353A850FCB}.Release|Mixed Platforms.ActiveCfg = Release|Any CPU
		{4D3937FF-8170-4C6A-A384-75353A850FCB}.Release|Mixed Platforms.Build.0 = Release|Any CPU
		{4D3937FF-8170-4C6A-A384-75353A850FCB}.Release|Mixed Platforms.Deploy.0 = Release|Any CPU
		{4D3937FF-8170-4C6A-A384-75353A850FCB}.Release|x86.ActiveCfg = Release|Any CPU
		{8C87D7A5-1FFB-4A04-9B8F-DC4DA00B6055}.Ad-Hoc|Any CPU.ActiveCfg = Release|Any CPU
		{8C87D7A5-1FFB-4A04-9B8F-DC4DA00B6055}.Ad-Hoc|Any CPU.Build.0 = Release|Any CPU
		{8C87D7A5-1FFB-4A04-9B8F-DC4DA00B6055}.Ad-Hoc|Any CPU.Deploy.0 = Release|Any CPU
		{8C87D7A5-1FFB-4A04-9B8F-DC4DA00B6055}.Ad-Hoc|ARM.ActiveCfg = Release|ARM
		{8C87D7A5-1FFB-4A04-9B8F-DC4DA00B6055}.Ad-Hoc|ARM.Build.0 = Release|ARM
		{8C87D7A5-1FFB-4A04-9B8F-DC4DA00B6055}.Ad-Hoc|ARM.Deploy.0 = Release|ARM
		{8C87D7A5-1FFB-4A04-9B8F-DC4DA00B6055}.Ad-Hoc|iPhone.ActiveCfg = Release|Any CPU
		{8C87D7A5-1FFB-4A04-9B8F-DC4DA00B6055}.Ad-Hoc|iPhoneSimulator.ActiveCfg = Release|Any CPU
		{8C87D7A5-1FFB-4A04-9B8F-DC4DA00B6055}.Ad-Hoc|Mixed Platforms.ActiveCfg = Release|x86
		{8C87D7A5-1FFB-4A04-9B8F-DC4DA00B6055}.Ad-Hoc|Mixed Platforms.Build.0 = Release|x86
		{8C87D7A5-1FFB-4A04-9B8F-DC4DA00B6055}.Ad-Hoc|Mixed Platforms.Deploy.0 = Release|x86
		{8C87D7A5-1FFB-4A04-9B8F-DC4DA00B6055}.Ad-Hoc|x86.ActiveCfg = Release|x86
		{8C87D7A5-1FFB-4A04-9B8F-DC4DA00B6055}.Ad-Hoc|x86.Build.0 = Release|x86
		{8C87D7A5-1FFB-4A04-9B8F-DC4DA00B6055}.Ad-Hoc|x86.Deploy.0 = Release|x86
		{8C87D7A5-1FFB-4A04-9B8F-DC4DA00B6055}.AppStore|Any CPU.ActiveCfg = Release|Any CPU
		{8C87D7A5-1FFB-4A04-9B8F-DC4DA00B6055}.AppStore|Any CPU.Build.0 = Release|Any CPU
		{8C87D7A5-1FFB-4A04-9B8F-DC4DA00B6055}.AppStore|Any CPU.Deploy.0 = Release|Any CPU
		{8C87D7A5-1FFB-4A04-9B8F-DC4DA00B6055}.AppStore|ARM.ActiveCfg = Release|ARM
		{8C87D7A5-1FFB-4A04-9B8F-DC4DA00B6055}.AppStore|ARM.Build.0 = Release|ARM
		{8C87D7A5-1FFB-4A04-9B8F-DC4DA00B6055}.AppStore|ARM.Deploy.0 = Release|ARM
		{8C87D7A5-1FFB-4A04-9B8F-DC4DA00B6055}.AppStore|iPhone.ActiveCfg = Release|Any CPU
		{8C87D7A5-1FFB-4A04-9B8F-DC4DA00B6055}.AppStore|iPhoneSimulator.ActiveCfg = Release|Any CPU
		{8C87D7A5-1FFB-4A04-9B8F-DC4DA00B6055}.AppStore|Mixed Platforms.ActiveCfg = Release|x86
		{8C87D7A5-1FFB-4A04-9B8F-DC4DA00B6055}.AppStore|Mixed Platforms.Build.0 = Release|x86
		{8C87D7A5-1FFB-4A04-9B8F-DC4DA00B6055}.AppStore|Mixed Platforms.Deploy.0 = Release|x86
		{8C87D7A5-1FFB-4A04-9B8F-DC4DA00B6055}.AppStore|x86.ActiveCfg = Release|x86
		{8C87D7A5-1FFB-4A04-9B8F-DC4DA00B6055}.AppStore|x86.Build.0 = Release|x86
		{8C87D7A5-1FFB-4A04-9B8F-DC4DA00B6055}.AppStore|x86.Deploy.0 = Release|x86
		{8C87D7A5-1FFB-4A04-9B8F-DC4DA00B6055}.Debug|Any CPU.ActiveCfg = Debug|Any CPU
		{8C87D7A5-1FFB-4A04-9B8F-DC4DA00B6055}.Debug|Any CPU.Build.0 = Debug|Any CPU
		{8C87D7A5-1FFB-4A04-9B8F-DC4DA00B6055}.Debug|Any CPU.Deploy.0 = Debug|Any CPU
		{8C87D7A5-1FFB-4A04-9B8F-DC4DA00B6055}.Debug|ARM.ActiveCfg = Debug|ARM
		{8C87D7A5-1FFB-4A04-9B8F-DC4DA00B6055}.Debug|ARM.Build.0 = Debug|ARM
		{8C87D7A5-1FFB-4A04-9B8F-DC4DA00B6055}.Debug|ARM.Deploy.0 = Debug|ARM
		{8C87D7A5-1FFB-4A04-9B8F-DC4DA00B6055}.Debug|iPhone.ActiveCfg = Debug|Any CPU
		{8C87D7A5-1FFB-4A04-9B8F-DC4DA00B6055}.Debug|iPhoneSimulator.ActiveCfg = Debug|Any CPU
		{8C87D7A5-1FFB-4A04-9B8F-DC4DA00B6055}.Debug|Mixed Platforms.ActiveCfg = Debug|x86
		{8C87D7A5-1FFB-4A04-9B8F-DC4DA00B6055}.Debug|Mixed Platforms.Build.0 = Debug|x86
		{8C87D7A5-1FFB-4A04-9B8F-DC4DA00B6055}.Debug|Mixed Platforms.Deploy.0 = Debug|x86
		{8C87D7A5-1FFB-4A04-9B8F-DC4DA00B6055}.Debug|x86.ActiveCfg = Debug|x86
		{8C87D7A5-1FFB-4A04-9B8F-DC4DA00B6055}.Debug|x86.Build.0 = Debug|x86
		{8C87D7A5-1FFB-4A04-9B8F-DC4DA00B6055}.Debug|x86.Deploy.0 = Debug|x86
		{8C87D7A5-1FFB-4A04-9B8F-DC4DA00B6055}.Release|Any CPU.ActiveCfg = Release|Any CPU
		{8C87D7A5-1FFB-4A04-9B8F-DC4DA00B6055}.Release|Any CPU.Build.0 = Release|Any CPU
		{8C87D7A5-1FFB-4A04-9B8F-DC4DA00B6055}.Release|Any CPU.Deploy.0 = Release|Any CPU
		{8C87D7A5-1FFB-4A04-9B8F-DC4DA00B6055}.Release|ARM.ActiveCfg = Release|ARM
		{8C87D7A5-1FFB-4A04-9B8F-DC4DA00B6055}.Release|ARM.Build.0 = Release|ARM
		{8C87D7A5-1FFB-4A04-9B8F-DC4DA00B6055}.Release|ARM.Deploy.0 = Release|ARM
		{8C87D7A5-1FFB-4A04-9B8F-DC4DA00B6055}.Release|iPhone.ActiveCfg = Release|Any CPU
		{8C87D7A5-1FFB-4A04-9B8F-DC4DA00B6055}.Release|iPhoneSimulator.ActiveCfg = Release|Any CPU
		{8C87D7A5-1FFB-4A04-9B8F-DC4DA00B6055}.Release|Mixed Platforms.ActiveCfg = Release|x86
		{8C87D7A5-1FFB-4A04-9B8F-DC4DA00B6055}.Release|Mixed Platforms.Build.0 = Release|x86
		{8C87D7A5-1FFB-4A04-9B8F-DC4DA00B6055}.Release|Mixed Platforms.Deploy.0 = Release|x86
		{8C87D7A5-1FFB-4A04-9B8F-DC4DA00B6055}.Release|x86.ActiveCfg = Release|x86
		{8C87D7A5-1FFB-4A04-9B8F-DC4DA00B6055}.Release|x86.Build.0 = Release|x86
		{8C87D7A5-1FFB-4A04-9B8F-DC4DA00B6055}.Release|x86.Deploy.0 = Release|x86
	EndGlobalSection
	GlobalSection(SolutionProperties) = preSolution
		HideSolutionNode = FALSE
	EndGlobalSection
EndGlobal
